
Microsoft Visual Studio Solution File, Format Version 12.00
# Visual Studio Version 16
VisualStudioVersion = 16.0.31105.61
MinimumVisualStudioVersion = 10.0.40219.1
Project("{FAE04EC0-301F-11D3-BF4B-00C04F79EFBC}") = "GSDataBase", "GSDataBase\GSDataBase.csproj", "{280176AD-3483-495B-B45D-BF6858349415}"
EndProject
Global
	GlobalSection(SolutionConfigurationPlatforms) = preSolution
		Debug|Any CPU = Debug|Any CPU
		Release|Any CPU = Release|Any CPU
	EndGlobalSection
	GlobalSection(ProjectConfigurationPlatforms) = postSolution
		{280176AD-3483-495B-B45D-BF6858349415}.Debug|Any CPU.ActiveCfg = Debug|Any CPU
		{280176AD-3483-495B-B45D-BF6858349415}.Debug|Any CPU.Build.0 = Debug|Any CPU
		{280176AD-3483-495B-B45D-BF6858349415}.Release|Any CPU.ActiveCfg = Release|Any CPU
		{280176AD-3483-495B-B45D-BF6858349415}.Release|Any CPU.Build.0 = Release|Any CPU
	EndGlobalSection
	GlobalSection(SolutionProperties) = preSolution
		HideSolutionNode = FALSE
	EndGlobalSection
	GlobalSection(ExtensibilityGlobals) = postSolution
		SolutionGuid = {F24AF55F-536D-44D4-8E13-8185B94CDB2F}
	EndGlobalSection
EndGlobal
